
Microsoft Visual Studio Solution File, Format Version 12.00
# Visual Studio Version 17
VisualStudioVersion = 17.7.34031.279
MinimumVisualStudioVersion = 10.0.40219.1
Project("{FAE04EC0-301F-11D3-BF4B-00C04F79EFBC}") = "HiddenFolder", "HiddenFolder.csproj", "{5E6190E6-4486-498A-A8DA-A39A55E608FB}"
EndProject
Global
	GlobalSection(SolutionConfigurationPlatforms) = preSolution
		Debug|Any CPU = Debug|Any CPU
		Release|Any CPU = Release|Any CPU
	EndGlobalSection
	GlobalSection(ProjectConfigurationPlatforms) = postSolution
		{5E6190E6-4486-498A-A8DA-A39A55E608FB}.Debug|Any CPU.ActiveCfg = Debug|Any CPU
		{5E6190E6-4486-498A-A8DA-A39A55E608FB}.Debug|Any CPU.Build.0 = Debug|Any CPU
		{5E6190E6-4486-498A-A8DA-A39A55E608FB}.Release|Any CPU.ActiveCfg = Release|Any CPU
		{5E6190E6-4486-498A-A8DA-A39A55E608FB}.Release|Any CPU.Build.0 = Release|Any CPU
	EndGlobalSection
	GlobalSection(SolutionProperties) = preSolution
		HideSolutionNode = FALSE
	EndGlobalSection
	GlobalSection(ExtensibilityGlobals) = postSolution
		SolutionGuid = {4D1D44B3-9537-4364-9E4F-F08B0032FB20}
	EndGlobalSection
EndGlobal
